
Microsoft Visual Studio Solution File, Format Version 12.00
# Visual Studio Version 17
VisualStudioVersion = 17.5.33424.131
MinimumVisualStudioVersion = 10.0.40219.1
Project("{9A19103F-16F7-4668-BE54-9A1E7A4F7556}") = "SenseWebApi1", "SenseWebApi1\SenseWebApi1.csproj", "{C3660440-2963-4C87-AEC3-C2A2011E5782}"
EndProject
Project("{9A19103F-16F7-4668-BE54-9A1E7A4F7556}") = "SC.Internship.Common", "SC.Internship.Common\SC.Internship.Common.csproj", "{C492AEAA-FF4C-42B3-B117-AA511279E0BC}"
EndProject
Project("{9A19103F-16F7-4668-BE54-9A1E7A4F7556}") = "IdentityServer0", "IdentityServer0\IdentityServer0.csproj", "{03807FC1-1AED-49E1-8229-4213ECB947A0}"
EndProject
Project("{FAE04EC0-301F-11D3-BF4B-00C04F79EFBC}") = "SenseWebApi1.Tests", "SenseWebApi1.Tests\SenseWebApi1.Tests.csproj", "{B91C28D7-0CE3-45C9-AEF4-14FB34437D14}"
EndProject
Project("{2150E333-8FDC-42A3-9474-1A3956D46DE8}") = "Tests", "Tests", "{B82BF9F0-F5AB-4432-9D1C-5590312CC21D}"
EndProject
Global
	GlobalSection(SolutionConfigurationPlatforms) = preSolution
		Debug|Any CPU = Debug|Any CPU
		Release|Any CPU = Release|Any CPU
	EndGlobalSection
	GlobalSection(ProjectConfigurationPlatforms) = postSolution
		{C3660440-2963-4C87-AEC3-C2A2011E5782}.Debug|Any CPU.ActiveCfg = Debug|Any CPU
		{C3660440-2963-4C87-AEC3-C2A2011E5782}.Debug|Any CPU.Build.0 = Debug|Any CPU
		{C3660440-2963-4C87-AEC3-C2A2011E5782}.Release|Any CPU.ActiveCfg = Release|Any CPU
		{C3660440-2963-4C87-AEC3-C2A2011E5782}.Release|Any CPU.Build.0 = Release|Any CPU
		{C492AEAA-FF4C-42B3-B117-AA511279E0BC}.Debug|Any CPU.ActiveCfg = Debug|Any CPU
		{C492AEAA-FF4C-42B3-B117-AA511279E0BC}.Debug|Any CPU.Build.0 = Debug|Any CPU
		{C492AEAA-FF4C-42B3-B117-AA511279E0BC}.Release|Any CPU.ActiveCfg = Release|Any CPU
		{C492AEAA-FF4C-42B3-B117-AA511279E0BC}.Release|Any CPU.Build.0 = Release|Any CPU
		{03807FC1-1AED-49E1-8229-4213ECB947A0}.Debug|Any CPU.ActiveCfg = Debug|Any CPU
		{03807FC1-1AED-49E1-8229-4213ECB947A0}.Debug|Any CPU.Build.0 = Debug|Any CPU
		{03807FC1-1AED-49E1-8229-4213ECB947A0}.Release|Any CPU.ActiveCfg = Release|Any CPU
		{03807FC1-1AED-49E1-8229-4213ECB947A0}.Release|Any CPU.Build.0 = Release|Any CPU
		{B91C28D7-0CE3-45C9-AEF4-14FB34437D14}.Debug|Any CPU.ActiveCfg = Debug|Any CPU
		{B91C28D7-0CE3-45C9-AEF4-14FB34437D14}.Debug|Any CPU.Build.0 = Debug|Any CPU
		{B91C28D7-0CE3-45C9-AEF4-14FB34437D14}.Release|Any CPU.ActiveCfg = Release|Any CPU
		{B91C28D7-0CE3-45C9-AEF4-14FB34437D14}.Release|Any CPU.Build.0 = Release|Any CPU
	EndGlobalSection
	GlobalSection(SolutionProperties) = preSolution
		HideSolutionNode = FALSE
	EndGlobalSection
	GlobalSection(ExtensibilityGlobals) = postSolution
		SolutionGuid = {76890E2C-9F99-4FC7-AF4E-31DAE250BCF2}
	EndGlobalSection
	GlobalSection(NestedProjects) = preSolution
		{B91C28D7-0CE3-45C9-AEF4-14FB34437D14} = {B82BF9F0-F5AB-4432-9D1C-5590312CC21D}
	EndGlobalSection
EndGlobal
